<?xml version="1.0" encoding="utf-8"?>
<Project ToolsVersion="4.0" xmlns="http://schemas.microsoft.com/developer/msbuild/2003">
  <ItemGroup>
    <ClCompile Include="src\networkit\graph\Graph.cpp">
      <Filter>src\graph</Filter>
    </ClCompile>
    <ClCompile Include="src\networkit\graph\GraphBuilder.cpp">
      <Filter>src\graph</Filter>
    </ClCompile>
    <ClCompile Include="src\networkit\graph\GraphTools.cpp">
      <Filter>src\graph</Filter>
    </ClCompile>
    <ClCompile Include="src\networkit\graph\KruskalMSF.cpp">
      <Filter>src\graph</Filter>
    </ClCompile>
    <ClCompile Include="src\networkit\graph\RandomMaximumSpanningForest.cpp">
      <Filter>src\graph</Filter>
    </ClCompile>
    <ClCompile Include="src\networkit\graph\SpanningForest.cpp">
      <Filter>src\graph</Filter>
    </ClCompile>
    <ClCompile Include="src\networkit\graph\TopologicalSort.cpp">
      <Filter>src\graph</Filter>
    </ClCompile>
    <ClCompile Include="src\networkit\graph\UnionMaximumSpanningForest.cpp">
      <Filter>src\graph</Filter>
    </ClCompile>
    <ClCompile Include="src\networkit\auxiliary\Log.cpp">
      <Filter>src\auxiliary</Filter>
    </ClCompile>
    <ClCompile Include="src\networkit\auxiliary\Random.cpp">
      <Filter>src\auxiliary</Filter>
    </ClCompile>
    <ClCompile Include="src\networkit\auxiliary\SignalHandling.cpp">
      <Filter>src\auxiliary</Filter>
    </ClCompile>
    <ClCompile Include="src\networkit\structures\UnionFind.cpp">
      <Filter>src\structures</Filter>
    </ClCompile>
    <ClCompile Include="src\networkit\structures\Partition.cpp">
      <Filter>src\structures</Filter>
    </ClCompile>
    <ClCompile Include="src\networkit\centrality\ApproxBetweenness.cpp">
      <Filter>src\centrality</Filter>
    </ClCompile>
    <ClCompile Include="src\networkit\centrality\Betweenness.cpp">
      <Filter>src\centrality</Filter>
    </ClCompile>
    <ClCompile Include="src\networkit\centrality\Centrality.cpp">
      <Filter>src\centrality</Filter>
    </ClCompile>
    <ClCompile Include="src\networkit\centrality\DegreeCentrality.cpp">
      <Filter>src\centrality</Filter>
    </ClCompile>
    <ClCompile Include="src\networkit\centrality\DynApproxBetweenness.cpp">
      <Filter>src\centrality</Filter>
    </ClCompile>
    <ClCompile Include="src\networkit\centrality\DynBetweenness.cpp">
      <Filter>src\centrality</Filter>
    </ClCompile>
    <ClCompile Include="src\networkit\distance\BFS.cpp">
      <Filter>src\distance</Filter>
    </ClCompile>
    <ClCompile Include="src\networkit\distance\Diameter.cpp">
      <Filter>src\distance</Filter>
    </ClCompile>
    <ClCompile Include="src\networkit\distance\Dijkstra.cpp">
      <Filter>src\distance</Filter>
    </ClCompile>
    <ClCompile Include="src\networkit\distance\SSSP.cpp">
      <Filter>src\distance</Filter>
    </ClCompile>
    <ClCompile Include="src\networkit\components\ConnectedComponents.cpp">
      <Filter>src\components</Filter>
    </ClCompile>
    <ClCompile Include="src\networkit\distance\DynBFS.cpp">
      <Filter>src\distance</Filter>
    </ClCompile>
    <ClCompile Include="src\networkit\distance\DynSSSP.cpp">
      <Filter>src\distance</Filter>
    </ClCompile>
    <ClCompile Include="src\networkit\auxiliary\NumericTools.cpp">
      <Filter>src\auxiliary</Filter>
    </ClCompile>
    <ClCompile Include="src\networkit\distance\DynDijkstra.cpp">
      <Filter>src\distance</Filter>
    </ClCompile>
    <ClCompile Include="src\networkit\distance\Eccentricity.cpp">
      <Filter>src\distance</Filter>
    </ClCompile>
    <ClCompile Include="src\networkit\components\ComponentDecomposition.cpp">
      <Filter>src\components</Filter>
    </ClCompile>
    <ClCompile Include="src\networkit\components\ConnectedComponentsImpl.cpp">
      <Filter>src\components</Filter>
    </ClCompile>
    <ClCompile Include="src\networkit\components\StronglyConnectedComponents.cpp">
      <Filter>src\components</Filter>
    </ClCompile>
    <ClCompile Include="src\networkit\GlobalState.cpp">
      <Filter>src</Filter>
    </ClCompile>
  </ItemGroup>
  <ItemGroup>
    <Filter Include="src">
      <UniqueIdentifier>{0356afa3-174e-42fd-a92c-b26b31e045d7}</UniqueIdentifier>
    </Filter>
    <Filter Include="include">
      <UniqueIdentifier>{4fe751f9-92b5-424c-9b26-4dfc3d971508}</UniqueIdentifier>
    </Filter>
    <Filter Include="src\auxiliary">
      <UniqueIdentifier>{358a8eda-4c72-4f99-a31b-74c1a6da8295}</UniqueIdentifier>
    </Filter>
    <Filter Include="src\base">
      <UniqueIdentifier>{3f6ead57-6afa-4d34-b488-d5186d8785f1}</UniqueIdentifier>
    </Filter>
    <Filter Include="src\centrality">
      <UniqueIdentifier>{a7c43274-3b26-43ea-a515-d7d4a5a57e97}</UniqueIdentifier>
    </Filter>
    <Filter Include="src\components">
      <UniqueIdentifier>{a70b1388-784b-43c8-9321-98e12ef2ed2f}</UniqueIdentifier>
    </Filter>
    <Filter Include="src\distance">
      <UniqueIdentifier>{2e1c6c2e-f2e7-4671-8d6a-043992af2d7e}</UniqueIdentifier>
    </Filter>
    <Filter Include="src\dynamics">
      <UniqueIdentifier>{9fa154ae-79e1-4e20-bf20-4e74d73c4c87}</UniqueIdentifier>
    </Filter>
    <Filter Include="src\graph">
      <UniqueIdentifier>{516ef108-bf76-4589-be85-d06b2b1a43a7}</UniqueIdentifier>
    </Filter>
    <Filter Include="src\structures">
      <UniqueIdentifier>{20895de6-86ca-4202-8d44-8691e8d159e1}</UniqueIdentifier>
    </Filter>
    <Filter Include="include\auxiliary">
      <UniqueIdentifier>{10011ab8-8750-43e7-b3e1-8a2095cb1603}</UniqueIdentifier>
    </Filter>
    <Filter Include="include\base">
      <UniqueIdentifier>{a05f0923-4f45-4077-889f-9586a263ae64}</UniqueIdentifier>
    </Filter>
    <Filter Include="include\centrality">
      <UniqueIdentifier>{e477e327-2194-459f-a98a-77cfadefa23a}</UniqueIdentifier>
    </Filter>
    <Filter Include="include\components">
      <UniqueIdentifier>{4d90946a-40c3-4d7a-a910-c1ad7b8bd13a}</UniqueIdentifier>
    </Filter>
    <Filter Include="include\distance">
      <UniqueIdentifier>{cce534d0-d821-48d5-8fd2-4cac41e26d25}</UniqueIdentifier>
    </Filter>
    <Filter Include="include\dyanmics">
      <UniqueIdentifier>{85344fc0-eeb7-42e9-a3bd-8e03e0b103da}</UniqueIdentifier>
    </Filter>
    <Filter Include="include\graph">
      <UniqueIdentifier>{0826d5ec-bf7f-4c74-aa6d-9b12c2ce0a58}</UniqueIdentifier>
    </Filter>
    <Filter Include="include\structures">
      <UniqueIdentifier>{d96db738-e459-4287-88e4-a7d5d4d5ee05}</UniqueIdentifier>
    </Filter>
  </ItemGroup>
  <ItemGroup>
    <ClInclude Include="include\networkit\auxiliary\ArrayTools.hpp">
      <Filter>include\auxiliary</Filter>
    </ClInclude>
    <ClInclude Include="include\networkit\auxiliary\FunctionTraits.hpp">
      <Filter>include\auxiliary</Filter>
    </ClInclude>
    <ClInclude Include="include\networkit\auxiliary\Log.hpp">
      <Filter>include\auxiliary</Filter>
    </ClInclude>
    <ClInclude Include="include\networkit\auxiliary\Multiprecision.hpp">
      <Filter>include\auxiliary</Filter>
    </ClInclude>
    <ClInclude Include="include\networkit\auxiliary\NumericTools.hpp">
      <Filter>include\auxiliary</Filter>
    </ClInclude>
    <ClInclude Include="include\networkit\auxiliary\Parallel.hpp">
      <Filter>include\auxiliary</Filter>
    </ClInclude>
    <ClInclude Include="include\networkit\auxiliary\PrioQueue.hpp">
      <Filter>include\auxiliary</Filter>
    </ClInclude>
    <ClInclude Include="include\networkit\auxiliary\Random.hpp">
      <Filter>include\auxiliary</Filter>
    </ClInclude>
    <ClInclude Include="include\networkit\auxiliary\SignalHandling.hpp">
      <Filter>include\auxiliary</Filter>
    </ClInclude>
    <ClInclude Include="include\networkit\auxiliary\StringBuilder.hpp">
      <Filter>include\auxiliary</Filter>
    </ClInclude>
    <ClInclude Include="include\networkit\auxiliary\TemplateUtils.hpp">
      <Filter>include\auxiliary</Filter>
    </ClInclude>
    <ClInclude Include="include\networkit\auxiliary\VectorComparator.hpp">
      <Filter>include\auxiliary</Filter>
    </ClInclude>
    <ClInclude Include="include\networkit\base\Algorithm.hpp">
      <Filter>include\base</Filter>
    </ClInclude>
    <ClInclude Include="include\networkit\base\DynAlgorithm.hpp">
      <Filter>include\base</Filter>
    </ClInclude>
    <ClInclude Include="include\networkit\centrality\ApproxBetweenness.hpp">
      <Filter>include\centrality</Filter>
    </ClInclude>
    <ClInclude Include="include\networkit\centrality\Betweenness.hpp">
      <Filter>include\centrality</Filter>
    </ClInclude>
    <ClInclude Include="include\networkit\centrality\Centrality.hpp">
      <Filter>include\centrality</Filter>
    </ClInclude>
    <ClInclude Include="include\networkit\centrality\DegreeCentrality.hpp">
      <Filter>include\centrality</Filter>
    </ClInclude>
    <ClInclude Include="include\networkit\centrality\DynApproxBetweenness.hpp">
      <Filter>include\centrality</Filter>
    </ClInclude>
    <ClInclude Include="include\networkit\centrality\DynBetweenness.hpp">
      <Filter>include\centrality</Filter>
    </ClInclude>
    <ClInclude Include="include\networkit\components\ComponentDecomposition.hpp">
      <Filter>include\components</Filter>
    </ClInclude>
    <ClInclude Include="include\networkit\components\ConnectedComponents.hpp">
      <Filter>include\components</Filter>
    </ClInclude>
    <ClInclude Include="include\networkit\components\StronglyConnectedComponents.hpp">
      <Filter>include\components</Filter>
    </ClInclude>
    <ClInclude Include="include\networkit\distance\BFS.hpp">
      <Filter>include\distance</Filter>
    </ClInclude>
    <ClInclude Include="include\networkit\distance\Diameter.hpp">
      <Filter>include\distance</Filter>
    </ClInclude>
    <ClInclude Include="include\networkit\distance\Dijkstra.hpp">
      <Filter>include\distance</Filter>
    </ClInclude>
    <ClInclude Include="include\networkit\distance\DynBFS.hpp">
      <Filter>include\distance</Filter>
    </ClInclude>
    <ClInclude Include="include\networkit\distance\DynDijkstra.hpp">
      <Filter>include\distance</Filter>
    </ClInclude>
    <ClInclude Include="include\networkit\distance\DynSSSP.hpp">
      <Filter>include\distance</Filter>
    </ClInclude>
    <ClInclude Include="include\networkit\distance\Eccentricity.hpp">
      <Filter>include\distance</Filter>
    </ClInclude>
    <ClInclude Include="include\networkit\distance\SSSP.hpp">
      <Filter>include\distance</Filter>
    </ClInclude>
    <ClInclude Include="include\networkit\dynamics\GraphEvent.hpp">
      <Filter>include\dyanmics</Filter>
    </ClInclude>
    <ClInclude Include="include\networkit\graph\BFS.hpp">
      <Filter>include\graph</Filter>
    </ClInclude>
    <ClInclude Include="include\networkit\graph\DFS.hpp">
      <Filter>include\graph</Filter>
    </ClInclude>
    <ClInclude Include="include\networkit\graph\Dijkstra.hpp">
      <Filter>include\graph</Filter>
    </ClInclude>
    <ClInclude Include="include\networkit\graph\Graph.hpp">
      <Filter>include\graph</Filter>
    </ClInclude>
    <ClInclude Include="include\networkit\graph\GraphBuilder.hpp">
      <Filter>include\graph</Filter>
    </ClInclude>
    <ClInclude Include="include\networkit\graph\GraphTools.hpp">
      <Filter>include\graph</Filter>
    </ClInclude>
    <ClInclude Include="include\networkit\graph\KruskalMSF.hpp">
      <Filter>include\graph</Filter>
    </ClInclude>
    <ClInclude Include="include\networkit\graph\RandomMaximumSpanningForest.hpp">
      <Filter>include\graph</Filter>
    </ClInclude>
    <ClInclude Include="include\networkit\graph\SpanningForest.hpp">
      <Filter>include\graph</Filter>
    </ClInclude>
    <ClInclude Include="include\networkit\graph\TopologicalSort.hpp">
      <Filter>include\graph</Filter>
    </ClInclude>
    <ClInclude Include="include\networkit\graph\UnionMaximumSpanningForest.hpp">
      <Filter>include\graph</Filter>
    </ClInclude>
    <ClInclude Include="include\networkit\structures\Partition.hpp">
      <Filter>include\structures</Filter>
    </ClInclude>
    <ClInclude Include="include\networkit\structures\UnionFind.hpp">
      <Filter>include\structures</Filter>
    </ClInclude>
    <ClInclude Include="include\networkit\Globals.hpp">
      <Filter>include</Filter>
    </ClInclude>
    <ClInclude Include="include\networkit\GlobalState.hpp">
      <Filter>include</Filter>
    </ClInclude>
  </ItemGroup>
</Project>