<?xml version="1.0" encoding="utf-8"?>
<Project ToolsVersion="4.0" xmlns="http://schemas.microsoft.com/developer/msbuild/2003">
  <ItemGroup>
    <Filter Include="源文件">
      <UniqueIdentifier>{4FC737F1-C7A5-4376-A066-2A32D752A2FF}</UniqueIdentifier>
      <Extensions>cpp;c;cc;cxx;c++;cppm;ixx;def;odl;idl;hpj;bat;asm;asmx</Extensions>
    </Filter>
    <Filter Include="头文件">
      <UniqueIdentifier>{93995380-89BD-4b04-88EB-625FBE52EBFB}</UniqueIdentifier>
      <Extensions>h;hh;hpp;hxx;h++;hm;inl;inc;ipp;xsd</Extensions>
    </Filter>
    <Filter Include="资源文件">
      <UniqueIdentifier>{67DA6AB6-F800-4c08-8B7A-83BB121AAD01}</UniqueIdentifier>
      <Extensions>rc;ico;cur;bmp;dlg;rc2;rct;bin;rgs;gif;jpg;jpeg;jpe;resx;tiff;tif;png;wav;mfcribbon-ms</Extensions>
    </Filter>
    <Filter Include="extra_include">
      <UniqueIdentifier>{eaf3e89e-4f43-4a55-adb2-bc175bb25162}</UniqueIdentifier>
    </Filter>
    <Filter Include="extra_include\networkit">
      <UniqueIdentifier>{cca88376-89fd-4890-b6d9-4dcd1478b18f}</UniqueIdentifier>
    </Filter>
    <Filter Include="extra_include\networkit\generators">
      <UniqueIdentifier>{5d827e32-1fc0-4e07-ad6d-6ed550b981c4}</UniqueIdentifier>
    </Filter>
  </ItemGroup>
  <ItemGroup>
    <ClCompile Include="src\main.cpp">
      <Filter>源文件</Filter>
    </ClCompile>
    <ClCompile Include="extra_include\networkit\generators\BarabasiAlbertGenerator.cpp">
      <Filter>extra_include\networkit\generators</Filter>
    </ClCompile>
    <ClCompile Include="extra_include\networkit\generators\ErdosRenyiGenerator.cpp">
      <Filter>extra_include\networkit\generators</Filter>
    </ClCompile>
    <ClCompile Include="extra_include\networkit\generators\RegularRingLatticeGenerator.cpp">
      <Filter>extra_include\networkit\generators</Filter>
    </ClCompile>
    <ClCompile Include="extra_include\networkit\generators\WattsStrogatzGenerator.cpp">
      <Filter>extra_include\networkit\generators</Filter>
    </ClCompile>
  </ItemGroup>
  <ItemGroup>
    <ClInclude Include="extra_include\networkit\generators\BarabasiAlbertGenerator.hpp">
      <Filter>extra_include\networkit\generators</Filter>
    </ClInclude>
    <ClInclude Include="extra_include\networkit\generators\StaticGraphGenerator.hpp">
      <Filter>extra_include\networkit\generators</Filter>
    </ClInclude>
    <ClInclude Include="extra_include\networkit\generators\ErdosRenyiEnumerator.hpp">
      <Filter>extra_include\networkit\generators</Filter>
    </ClInclude>
    <ClInclude Include="extra_include\networkit\generators\ErdosRenyiGenerator.hpp">
      <Filter>extra_include\networkit\generators</Filter>
    </ClInclude>
    <ClInclude Include="extra_include\networkit\generators\RegularRingLatticeGenerator.hpp">
      <Filter>extra_include\networkit\generators</Filter>
    </ClInclude>
    <ClInclude Include="extra_include\networkit\generators\WattsStrogatzGenerator.hpp">
      <Filter>extra_include\networkit\generators</Filter>
    </ClInclude>
  </ItemGroup>
</Project>